
Microsoft Visual Studio Solution File, Format Version 12.00
# Visual Studio Version 17
VisualStudioVersion = 17.0.31903.59
MinimumVisualStudioVersion = 10.0.40219.1
Project("{FAE04EC0-301F-11D3-BF4B-00C04F79EFBC}") = "Luhn", "Luhn.csproj", "{4B7BDEEC-DE60-49F6-88C9-89CE909C6034}"
EndProject
Global
	GlobalSection(SolutionConfigurationPlatforms) = preSolution
		Debug|Any CPU = Debug|Any CPU
		Release|Any CPU = Release|Any CPU
	EndGlobalSection
	GlobalSection(ProjectConfigurationPlatforms) = postSolution
		{4B7BDEEC-DE60-49F6-88C9-89CE909C6034}.Debug|Any CPU.ActiveCfg = Debug|Any CPU
		{4B7BDEEC-DE60-49F6-88C9-89CE909C6034}.Debug|Any CPU.Build.0 = Debug|Any CPU
		{4B7BDEEC-DE60-49F6-88C9-89CE909C6034}.Release|Any CPU.ActiveCfg = Release|Any CPU
		{4B7BDEEC-DE60-49F6-88C9-89CE909C6034}.Release|Any CPU.Build.0 = Release|Any CPU
	EndGlobalSection
	GlobalSection(SolutionProperties) = preSolution
		HideSolutionNode = FALSE
	EndGlobalSection
	GlobalSection(ExtensibilityGlobals) = postSolution
		SolutionGuid = {23BAF617-8237-494D-AC63-4900AC2ACB45}
	EndGlobalSection
EndGlobal
